
Microsoft Visual Studio Solution File, Format Version 12.00
# Visual Studio 15
VisualStudioVersion = 15.0.28307.489
MinimumVisualStudioVersion = 10.0.40219.1
Project("{FAE04EC0-301F-11D3-BF4B-00C04F79EFBC}") = "RandomPermutation", "RandomPermutation\RandomPermutation.csproj", "{EBECBB0B-DB39-4EBE-87F7-5229CF77D33B}"
EndProject
Global
	GlobalSection(SolutionConfigurationPlatforms) = preSolution
		Debug|Any CPU = Debug|Any CPU
		Release|Any CPU = Release|Any CPU
	EndGlobalSection
	GlobalSection(ProjectConfigurationPlatforms) = postSolution
		{EBECBB0B-DB39-4EBE-87F7-5229CF77D33B}.Debug|Any CPU.ActiveCfg = Debug|Any CPU
		{EBECBB0B-DB39-4EBE-87F7-5229CF77D33B}.Debug|Any CPU.Build.0 = Debug|Any CPU
		{EBECBB0B-DB39-4EBE-87F7-5229CF77D33B}.Release|Any CPU.ActiveCfg = Release|Any CPU
		{EBECBB0B-DB39-4EBE-87F7-5229CF77D33B}.Release|Any CPU.Build.0 = Release|Any CPU
	EndGlobalSection
	GlobalSection(SolutionProperties) = preSolution
		HideSolutionNode = FALSE
	EndGlobalSection
	GlobalSection(ExtensibilityGlobals) = postSolution
		SolutionGuid = {B2F23A7F-F8C3-455E-B801-23EBB10FB768}
	EndGlobalSection
EndGlobal
